
Microsoft Visual Studio Solution File, Format Version 12.00
# Visual Studio Version 17
VisualStudioVersion = 17.4.33213.308
MinimumVisualStudioVersion = 10.0.40219.1
Project("{FAE04EC0-301F-11D3-BF4B-00C04F79EFBC}") = "PasswordGenerator", "PasswordGenerator\PasswordGenerator.csproj", "{B94E8EFC-77E2-433D-BA4E-59B31926028C}"
EndProject
Global
	GlobalSection(SolutionConfigurationPlatforms) = preSolution
		Debug|Any CPU = Debug|Any CPU
		Release|Any CPU = Release|Any CPU
	EndGlobalSection
	GlobalSection(ProjectConfigurationPlatforms) = postSolution
		{B94E8EFC-77E2-433D-BA4E-59B31926028C}.Debug|Any CPU.ActiveCfg = Debug|Any CPU
		{B94E8EFC-77E2-433D-BA4E-59B31926028C}.Debug|Any CPU.Build.0 = Debug|Any CPU
		{B94E8EFC-77E2-433D-BA4E-59B31926028C}.Release|Any CPU.ActiveCfg = Release|Any CPU
		{B94E8EFC-77E2-433D-BA4E-59B31926028C}.Release|Any CPU.Build.0 = Release|Any CPU
	EndGlobalSection
	GlobalSection(SolutionProperties) = preSolution
		HideSolutionNode = FALSE
	EndGlobalSection
	GlobalSection(ExtensibilityGlobals) = postSolution
		SolutionGuid = {056A013E-63AE-479E-B08D-8E6BEAED515B}
	EndGlobalSection
EndGlobal
